// !$*UTF8*$!
{
	archiveVersion = 1;
	classes = {
	};
	objectVersion = 46;
	objects = {

/* Begin PBXBuildFile section */
		45B1C4931DF3254E0051C8C6 /* arm.png in Resources */ = {isa = PBXBuildFile; fileRef = 45B1C48E1DF3254E0051C8C6 /* arm.png */; };
		45B1C4941DF3254E0051C8C6 /* calf.png in Resources */ = {isa = PBXBuildFile; fileRef = 45B1C48F1DF3254E0051C8C6 /* calf.png */; };
		45B1C4951DF3254E0051C8C6 /* cheeks.png in Resources */ = {isa = PBXBuildFile; fileRef = 45B1C4901DF3254E0051C8C6 /* cheeks.png */; };
		45B1C4961DF3254E0051C8C6 /* chin.png in Resources */ = {isa = PBXBuildFile; fileRef = 45B1C4911DF3254E0051C8C6 /* chin.png */; };
		45B1C4971DF3254E0051C8C6 /* ear.png in Resources */ = {isa = PBXBuildFile; fileRef = 45B1C4921DF3254E0051C8C6 /* ear.png */; };
		45EF0A831DF2770B007338D7 /* AppDelegate.swift in Sources */ = {isa = PBXBuildFile; fileRef = 45EF0A821DF2770B007338D7 /* AppDelegate.swift */; };
		45EF0A871DF2770C007338D7 /* GameScene.swift in Sources */ = {isa = PBXBuildFile; fileRef = 45EF0A861DF2770C007338D7 /* GameScene.swift */; };
		45EF0A891DF2770C007338D7 /* GameViewController.swift in Sources */ = {isa = PBXBuildFile; fileRef = 45EF0A881DF2770C007338D7 /* GameViewController.swift */; };
		45EF0A8C1DF2770C007338D7 /* Main.storyboard in Resources */ = {isa = PBXBuildFile; fileRef = 45EF0A8A1DF2770C007338D7 /* Main.storyboard */; };
		45EF0A8E1DF2770C007338D7 /* Images.xcassets in Resources */ = {isa = PBXBuildFile; fileRef = 45EF0A8D1DF2770C007338D7 /* Images.xcassets */; };
		45EF0A911DF2770C007338D7 /* LaunchScreen.xib in Resources */ = {isa = PBXBuildFile; fileRef = 45EF0A8F1DF2770C007338D7 /* LaunchScreen.xib */; };
		45EF0A9D1DF2770C007338D7 /* GiuaKi2Tests.swift in Sources */ = {isa = PBXBuildFile; fileRef = 45EF0A9C1DF2770C007338D7 /* GiuaKi2Tests.swift */; };
		45EF0AAA1DF27733007338D7 /* cothenguoi.jpg in Resources */ = {isa = PBXBuildFile; fileRef = 45EF0AA61DF27733007338D7 /* cothenguoi.jpg */; };
		45EF0AAB1DF27733007338D7 /* theothao.jpg in Resources */ = {isa = PBXBuildFile; fileRef = 45EF0AA71DF27733007338D7 /* theothao.jpg */; };
		45EF0AAC1DF27733007338D7 /* thucpham.jpg in Resources */ = {isa = PBXBuildFile; fileRef = 45EF0AA81DF27733007338D7 /* thucpham.jpg */; };
		45EF0AAD1DF27733007338D7 /* vatdung.jpg in Resources */ = {isa = PBXBuildFile; fileRef = 45EF0AA91DF27733007338D7 /* vatdung.jpg */; };
		45EF0AB11DF27E5B007338D7 /* background.jpg in Resources */ = {isa = PBXBuildFile; fileRef = 45EF0AB01DF27E5B007338D7 /* background.jpg */; };
/* End PBXBuildFile section */

/* Begin PBXContainerItemProxy section */
		45EF0A971DF2770C007338D7 /* PBXContainerItemProxy */ = {
			isa = PBXContainerItemProxy;
			containerPortal = 45EF0A751DF2770B007338D7 /* Project object */;
			proxyType = 1;
			remoteGlobalIDString = 45EF0A7C1DF2770B007338D7;
			remoteInfo = GiuaKi2;
		};
/* End PBXContainerItemProxy section */

/* Begin PBXFileReference section */
		45B1C48E1DF3254E0051C8C6 /* arm.png */ = {isa = PBXFileReference; lastKnownFileType = image.png; path = arm.png; sourceTree = "<group>"; };
		45B1C48F1DF3254E0051C8C6 /* calf.png */ = {isa = PBXFileReference; lastKnownFileType = image.png; path = calf.png; sourceTree = "<group>"; };
		45B1C4901DF3254E0051C8C6 /* cheeks.png */ = {isa = PBXFileReference; lastKnownFileType = image.png; path = cheeks.png; sourceTree = "<group>"; };
		45B1C4911DF3254E0051C8C6 /* chin.png */ = {isa = PBXFileReference; lastKnownFileType = image.png; path = chin.png; sourceTree = "<group>"; };
		45B1C4921DF3254E0051C8C6 /* ear.png */ = {isa = PBXFileReference; lastKnownFileType = image.png; path = ear.png; sourceTree = "<group>"; };
		45EF0A7D1DF2770B007338D7 /* GiuaKi2.app */ = {isa = PBXFileReference; explicitFileType = wrapper.application; includeInIndex = 0; path = GiuaKi2.app; sourceTree = BUILT_PRODUCTS_DIR; };
		45EF0A811DF2770B007338D7 /* Info.plist */ = {isa = PBXFileReference; lastKnownFileType = text.plist.xml; path = Info.plist; sourceTree = "<group>"; };
		45EF0A821DF2770B007338D7 /* AppDelegate.swift */ = {isa = PBXFileReference; lastKnownFileType = sourcecode.swift; path = AppDelegate.swift; sourceTree = "<group>"; };
		45EF0A861DF2770C007338D7 /* GameScene.swift */ = {isa = PBXFileReference; lastKnownFileType = sourcecode.swift; path = GameScene.swift; sourceTree = "<group>"; };
		45EF0A881DF2770C007338D7 /* GameViewController.swift */ = {isa = PBXFileReference; lastKnownFileType = sourcecode.swift; path = GameViewController.swift; sourceTree = "<group>"; };
		45EF0A8B1DF2770C007338D7 /* Base */ = {isa = PBXFileReference; lastKnownFileType = file.storyboard; name = Base; path = Base.lproj/Main.storyboard; sourceTree = "<group>"; };
		45EF0A8D1DF2770C007338D7 /* Images.xcassets */ = {isa = PBXFileReference; lastKnownFileType = folder.assetcatalog; path = Images.xcassets; sourceTree = "<group>"; };
		45EF0A901DF2770C007338D7 /* Base */ = {isa = PBXFileReference; lastKnownFileType = file.xib; name = Base; path = Base.lproj/LaunchScreen.xib; sourceTree = "<group>"; };
		45EF0A961DF2770C007338D7 /* GiuaKi2Tests.xctest */ = {isa = PBXFileReference; explicitFileType = wrapper.cfbundle; includeInIndex = 0; path = GiuaKi2Tests.xctest; sourceTree = BUILT_PRODUCTS_DIR; };
		45EF0A9B1DF2770C007338D7 /* Info.plist */ = {isa = PBXFileReference; lastKnownFileType = text.plist.xml; path = Info.plist; sourceTree = "<group>"; };
		45EF0A9C1DF2770C007338D7 /* GiuaKi2Tests.swift */ = {isa = PBXFileReference; lastKnownFileType = sourcecode.swift; path = GiuaKi2Tests.swift; sourceTree = "<group>"; };
		45EF0AA61DF27733007338D7 /* cothenguoi.jpg */ = {isa = PBXFileReference; lastKnownFileType = image.jpeg; path = cothenguoi.jpg; sourceTree = "<group>"; };
		45EF0AA71DF27733007338D7 /* theothao.jpg */ = {isa = PBXFileReference; lastKnownFileType = image.jpeg; path = theothao.jpg; sourceTree = "<group>"; };
		45EF0AA81DF27733007338D7 /* thucpham.jpg */ = {isa = PBXFileReference; lastKnownFileType = image.jpeg; path = thucpham.jpg; sourceTree = "<group>"; };
		45EF0AA91DF27733007338D7 /* vatdung.jpg */ = {isa = PBXFileReference; lastKnownFileType = image.jpeg; path = vatdung.jpg; sourceTree = "<group>"; };
		45EF0AB01DF27E5B007338D7 /* background.jpg */ = {isa = PBXFileReference; lastKnownFileType = image.jpeg; path = background.jpg; sourceTree = "<group>"; };
/* End PBXFileReference section */

/* Begin PBXFrameworksBuildPhase section */
		45EF0A7A1DF2770B007338D7 /* Frameworks */ = {
			isa = PBXFrameworksBuildPhase;
			buildActionMask = 2147483647;
			files = (
			);
			runOnlyForDeploymentPostprocessing = 0;
		};
		45EF0A931DF2770C007338D7 /* Frameworks */ = {
			isa = PBXFrameworksBuildPhase;
			buildActionMask = 2147483647;
			files = (
			);
			runOnlyForDeploymentPostprocessing = 0;
		};
/* End PBXFrameworksBuildPhase section */

/* Begin PBXGroup section */
		45B1C48D1DF3254E0051C8C6 /* CoTheNguoi */ = {
			isa = PBXGroup;
			children = (
				45B1C48E1DF3254E0051C8C6 /* arm.png */,
				45B1C48F1DF3254E0051C8C6 /* calf.png */,
				45B1C4901DF3254E0051C8C6 /* cheeks.png */,
				45B1C4911DF3254E0051C8C6 /* chin.png */,
				45B1C4921DF3254E0051C8C6 /* ear.png */,
			);
			path = CoTheNguoi;
			sourceTree = "<group>";
		};
		45EF0A741DF2770B007338D7 = {
			isa = PBXGroup;
			children = (
				45EF0A7F1DF2770B007338D7 /* GiuaKi2 */,
				45EF0A991DF2770C007338D7 /* GiuaKi2Tests */,
				45EF0A7E1DF2770B007338D7 /* Products */,
			);
			sourceTree = "<group>";
		};
		45EF0A7E1DF2770B007338D7 /* Products */ = {
			isa = PBXGroup;
			children = (
				45EF0A7D1DF2770B007338D7 /* GiuaKi2.app */,
				45EF0A961DF2770C007338D7 /* GiuaKi2Tests.xctest */,
			);
			name = Products;
			sourceTree = "<group>";
		};
		45EF0A7F1DF2770B007338D7 /* GiuaKi2 */ = {
			isa = PBXGroup;
			children = (
				45EF0A821DF2770B007338D7 /* AppDelegate.swift */,
				45EF0A861DF2770C007338D7 /* GameScene.swift */,
				45EF0A881DF2770C007338D7 /* GameViewController.swift */,
				45EF0A8A1DF2770C007338D7 /* Main.storyboard */,
				45EF0A8D1DF2770C007338D7 /* Images.xcassets */,
				45EF0A8F1DF2770C007338D7 /* LaunchScreen.xib */,
				45EF0A801DF2770B007338D7 /* Supporting Files */,
			);
			path = GiuaKi2;
			sourceTree = "<group>";
		};
		45EF0A801DF2770B007338D7 /* Supporting Files */ = {
			isa = PBXGroup;
			children = (
				45B1C48D1DF3254E0051C8C6 /* CoTheNguoi */,
				45EF0AB01DF27E5B007338D7 /* background.jpg */,
				45EF0AA61DF27733007338D7 /* cothenguoi.jpg */,
				45EF0AA71DF27733007338D7 /* theothao.jpg */,
				45EF0AA81DF27733007338D7 /* thucpham.jpg */,
				45EF0AA91DF27733007338D7 /* vatdung.jpg */,
				45EF0A811DF2770B007338D7 /* Info.plist */,
			);
			name = "Supporting Files";
			sourceTree = "<group>";
		};
		45EF0A991DF2770C007338D7 /* GiuaKi2Tests */ = {
			isa = PBXGroup;
			children = (
				45EF0A9C1DF2770C007338D7 /* GiuaKi2Tests.swift */,
				45EF0A9A1DF2770C007338D7 /* Supporting Files */,
			);
			path = GiuaKi2Tests;
			sourceTree = "<group>";
		};
		45EF0A9A1DF2770C007338D7 /* Supporting Files */ = {
			isa = PBXGroup;
			children = (
				45EF0A9B1DF2770C007338D7 /* Info.plist */,
			);
			name = "Supporting Files";
			sourceTree = "<group>";
		};
/* End PBXGroup section */

/* Begin PBXNativeTarget section */
		45EF0A7C1DF2770B007338D7 /* GiuaKi2 */ = {
			isa = PBXNativeTarget;
			buildConfigurationList = 45EF0AA01DF2770C007338D7 /* Build configuration list for PBXNativeTarget "GiuaKi2" */;
			buildPhases = (
				45EF0A791DF2770B007338D7 /* Sources */,
				45EF0A7A1DF2770B007338D7 /* Frameworks */,
				45EF0A7B1DF2770B007338D7 /* Resources */,
			);
			buildRules = (
			);
			dependencies = (
			);
			name = GiuaKi2;
			productName = GiuaKi2;
			productReference = 45EF0A7D1DF2770B007338D7 /* GiuaKi2.app */;
			productType = "com.apple.product-type.application";
		};
		45EF0A951DF2770C007338D7 /* GiuaKi2Tests */ = {
			isa = PBXNativeTarget;
			buildConfigurationList = 45EF0AA31DF2770C007338D7 /* Build configuration list for PBXNativeTarget "GiuaKi2Tests" */;
			buildPhases = (
				45EF0A921DF2770C007338D7 /* Sources */,
				45EF0A931DF2770C007338D7 /* Frameworks */,
				45EF0A941DF2770C007338D7 /* Resources */,
			);
			buildRules = (
			);
			dependencies = (
				45EF0A981DF2770C007338D7 /* PBXTargetDependency */,
			);
			name = GiuaKi2Tests;
			productName = GiuaKi2Tests;
			productReference = 45EF0A961DF2770C007338D7 /* GiuaKi2Tests.xctest */;
			productType = "com.apple.product-type.bundle.unit-test";
		};
/* End PBXNativeTarget section */

/* Begin PBXProject section */
		45EF0A751DF2770B007338D7 /* Project object */ = {
			isa = PBXProject;
			attributes = {
				LastUpgradeCheck = 0610;
				ORGANIZATIONNAME = "Huỳnh Thanh Tuấn";
				TargetAttributes = {
					45EF0A7C1DF2770B007338D7 = {
						CreatedOnToolsVersion = 6.1.1;
					};
					45EF0A951DF2770C007338D7 = {
						CreatedOnToolsVersion = 6.1.1;
						TestTargetID = 45EF0A7C1DF2770B007338D7;
					};
				};
			};
			buildConfigurationList = 45EF0A781DF2770B007338D7 /* Build configuration list for PBXProject "GiuaKi2" */;
			compatibilityVersion = "Xcode 3.2";
			developmentRegion = English;
			hasScannedForEncodings = 0;
			knownRegions = (
				en,
				Base,
			);
			mainGroup = 45EF0A741DF2770B007338D7;
			productRefGroup = 45EF0A7E1DF2770B007338D7 /* Products */;
			projectDirPath = "";
			projectRoot = "";
			targets = (
				45EF0A7C1DF2770B007338D7 /* GiuaKi2 */,
				45EF0A951DF2770C007338D7 /* GiuaKi2Tests */,
			);
		};
/* End PBXProject section */

/* Begin PBXResourcesBuildPhase section */
		45EF0A7B1DF2770B007338D7 /* Resources */ = {
			isa = PBXResourcesBuildPhase;
			buildActionMask = 2147483647;
			files = (
				45B1C4951DF3254E0051C8C6 /* cheeks.png in Resources */,
				45EF0AB11DF27E5B007338D7 /* background.jpg in Resources */,
				45B1C4941DF3254E0051C8C6 /* calf.png in Resources */,
				45EF0AAC1DF27733007338D7 /* thucpham.jpg in Resources */,
				45B1C4971DF3254E0051C8C6 /* ear.png in Resources */,
				45EF0A911DF2770C007338D7 /* LaunchScreen.xib in Resources */,
				45B1C4961DF3254E0051C8C6 /* chin.png in Resources */,
				45B1C4931DF3254E0051C8C6 /* arm.png in Resources */,
				45EF0A8E1DF2770C007338D7 /* Images.xcassets in Resources */,
				45EF0AAD1DF27733007338D7 /* vatdung.jpg in Resources */,
				45EF0AAA1DF27733007338D7 /* cothenguoi.jpg in Resources */,
				45EF0A8C1DF2770C007338D7 /* Main.storyboard in Resources */,
				45EF0AAB1DF27733007338D7 /* theothao.jpg in Resources */,
			);
			runOnlyForDeploymentPostprocessing = 0;
		};
		45EF0A941DF2770C007338D7 /* Resources */ = {
			isa = PBXResourcesBuildPhase;
			buildActionMask = 2147483647;
			files = (
			);
			runOnlyForDeploymentPostprocessing = 0;
		};
/* End PBXResourcesBuildPhase section */

/* Begin PBXSourcesBuildPhase section */
		45EF0A791DF2770B007338D7 /* Sources */ = {
			isa = PBXSourcesBuildPhase;
			buildActionMask = 2147483647;
			files = (
				45EF0A871DF2770C007338D7 /* GameScene.swift in Sources */,
				45EF0A891DF2770C007338D7 /* GameViewController.swift in Sources */,
				45EF0A831DF2770B007338D7 /* AppDelegate.swift in Sources */,
			);
			runOnlyForDeploymentPostprocessing = 0;
		};
		45EF0A921DF2770C007338D7 /* Sources */ = {
			isa = PBXSourcesBuildPhase;
			buildActionMask = 2147483647;
			files = (
				45EF0A9D1DF2770C007338D7 /* GiuaKi2Tests.swift in Sources */,
			);
			runOnlyForDeploymentPostprocessing = 0;
		};
/* End PBXSourcesBuildPhase section */

/* Begin PBXTargetDependency section */
		45EF0A981DF2770C007338D7 /* PBXTargetDependency */ = {
			isa = PBXTargetDependency;
			target = 45EF0A7C1DF2770B007338D7 /* GiuaKi2 */;
			targetProxy = 45EF0A971DF2770C007338D7 /* PBXContainerItemProxy */;
		};
/* End PBXTargetDependency section */

/* Begin PBXVariantGroup section */
		45EF0A8A1DF2770C007338D7 /* Main.storyboard */ = {
			isa = PBXVariantGroup;
			children = (
				45EF0A8B1DF2770C007338D7 /* Base */,
			);
			name = Main.storyboard;
			sourceTree = "<group>";
		};
		45EF0A8F1DF2770C007338D7 /* LaunchScreen.xib */ = {
			isa = PBXVariantGroup;
			children = (
				45EF0A901DF2770C007338D7 /* Base */,
			);
			name = LaunchScreen.xib;
			sourceTree = "<group>";
		};
/* End PBXVariantGroup section */

/* Begin XCBuildConfiguration section */
		45EF0A9E1DF2770C007338D7 /* Debug */ = {
			isa = XCBuildConfiguration;
			buildSettings = {
				ALWAYS_SEARCH_USER_PATHS = NO;
				CLANG_CXX_LANGUAGE_STANDARD = "gnu++0x";
				CLANG_CXX_LIBRARY = "libc++";
				CLANG_ENABLE_MODULES = YES;
				CLANG_ENABLE_OBJC_ARC = YES;
				CLANG_WARN_BOOL_CONVERSION = YES;
				CLANG_WARN_CONSTANT_CONVERSION = YES;
				CLANG_WARN_DIRECT_OBJC_ISA_USAGE = YES_ERROR;
				CLANG_WARN_EMPTY_BODY = YES;
				CLANG_WARN_ENUM_CONVERSION = YES;
				CLANG_WARN_INT_CONVERSION = YES;
				CLANG_WARN_OBJC_ROOT_CLASS = YES_ERROR;
				CLANG_WARN_UNREACHABLE_CODE = YES;
				CLANG_WARN__DUPLICATE_METHOD_MATCH = YES;
				"CODE_SIGN_IDENTITY[sdk=iphoneos*]" = "iPhone Developer";
				COPY_PHASE_STRIP = NO;
				ENABLE_STRICT_OBJC_MSGSEND = YES;
				GCC_C_LANGUAGE_STANDARD = gnu99;
				GCC_DYNAMIC_NO_PIC = NO;
				GCC_OPTIMIZATION_LEVEL = 0;
				GCC_PREPROCESSOR_DEFINITIONS = (
					"DEBUG=1",
					"$(inherited)",
				);
				GCC_SYMBOLS_PRIVATE_EXTERN = NO;
				GCC_WARN_64_TO_32_BIT_CONVERSION = YES;
				GCC_WARN_ABOUT_RETURN_TYPE = YES_ERROR;
				GCC_WARN_UNDECLARED_SELECTOR = YES;
				GCC_WARN_UNINITIALIZED_AUTOS = YES_AGGRESSIVE;
				GCC_WARN_UNUSED_FUNCTION = YES;
				GCC_WARN_UNUSED_VARIABLE = YES;
				IPHONEOS_DEPLOYMENT_TARGET = 8.1;
				MTL_ENABLE_DEBUG_INFO = YES;
				ONLY_ACTIVE_ARCH = YES;
				SDKROOT = iphoneos;
				SWIFT_OPTIMIZATION_LEVEL = "-Onone";
			};
			name = Debug;
		};
		45EF0A9F1DF2770C007338D7 /* Release */ = {
			isa = XCBuildConfiguration;
			buildSettings = {
				ALWAYS_SEARCH_USER_PATHS = NO;
				CLANG_CXX_LANGUAGE_STANDARD = "gnu++0x";
				CLANG_CXX_LIBRARY = "libc++";
				CLANG_ENABLE_MODULES = YES;
				CLANG_ENABLE_OBJC_ARC = YES;
				CLANG_WARN_BOOL_CONVERSION = YES;
				CLANG_WARN_CONSTANT_CONVERSION = YES;
				CLANG_WARN_DIRECT_OBJC_ISA_USAGE = YES_ERROR;
				CLANG_WARN_EMPTY_BODY = YES;
				CLANG_WARN_ENUM_CONVERSION = YES;
				CLANG_WARN_INT_CONVERSION = YES;
				CLANG_WARN_OBJC_ROOT_CLASS = YES_ERROR;
				CLANG_WARN_UNREACHABLE_CODE = YES;
				CLANG_WARN__DUPLICATE_METHOD_MATCH = YES;
				"CODE_SIGN_IDENTITY[sdk=iphoneos*]" = "iPhone Developer";
				COPY_PHASE_STRIP = YES;
				ENABLE_NS_ASSERTIONS = NO;
				ENABLE_STRICT_OBJC_MSGSEND = YES;
				GCC_C_LANGUAGE_STANDARD = gnu99;
				GCC_WARN_64_TO_32_BIT_CONVERSION = YES;
				GCC_WARN_ABOUT_RETURN_TYPE = YES_ERROR;
				GCC_WARN_UNDECLARED_SELECTOR = YES;
				GCC_WARN_UNINITIALIZED_AUTOS = YES_AGGRESSIVE;
				GCC_WARN_UNUSED_FUNCTION = YES;
				GCC_WARN_UNUSED_VARIABLE = YES;
				IPHONEOS_DEPLOYMENT_TARGET = 8.1;
				MTL_ENABLE_DEBUG_INFO = NO;
				SDKROOT = iphoneos;
				VALIDATE_PRODUCT = YES;
			};
			name = Release;
		};
		45EF0AA11DF2770C007338D7 /* Debug */ = {
			isa = XCBuildConfiguration;
			buildSettings = {
				ASSETCATALOG_COMPILER_APPICON_NAME = AppIcon;
				INFOPLIST_FILE = GiuaKi2/Info.plist;
				LD_RUNPATH_SEARCH_PATHS = "$(inherited) @executable_path/Frameworks";
				PRODUCT_NAME = "$(TARGET_NAME)";
			};
			name = Debug;
		};
		45EF0AA21DF2770C007338D7 /* Release */ = {
			isa = XCBuildConfiguration;
			buildSettings = {
				ASSETCATALOG_COMPILER_APPICON_NAME = AppIcon;
				INFOPLIST_FILE = GiuaKi2/Info.plist;
				LD_RUNPATH_SEARCH_PATHS = "$(inherited) @executable_path/Frameworks";
				PRODUCT_NAME = "$(TARGET_NAME)";
			};
			name = Release;
		};
		45EF0AA41DF2770C007338D7 /* Debug */ = {
			isa = XCBuildConfiguration;
			buildSettings = {
				BUNDLE_LOADER = "$(TEST_HOST)";
				FRAMEWORK_SEARCH_PATHS = (
					"$(SDKROOT)/Developer/Library/Frameworks",
					"$(inherited)",
				);
				GCC_PREPROCESSOR_DEFINITIONS = (
					"DEBUG=1",
					"$(inherited)",
				);
				INFOPLIST_FILE = GiuaKi2Tests/Info.plist;
				LD_RUNPATH_SEARCH_PATHS = "$(inherited) @executable_path/Frameworks @loader_path/Frameworks";
				PRODUCT_NAME = "$(TARGET_NAME)";
				TEST_HOST = "$(BUILT_PRODUCTS_DIR)/GiuaKi2.app/GiuaKi2";
			};
			name = Debug;
		};
		45EF0AA51DF2770C007338D7 /* Release */ = {
			isa = XCBuildConfiguration;
			buildSettings = {
				BUNDLE_LOADER = "$(TEST_HOST)";
				FRAMEWORK_SEARCH_PATHS = (
					"$(SDKROOT)/Developer/Library/Frameworks",
					"$(inherited)",
				);
				INFOPLIST_FILE = GiuaKi2Tests/Info.plist;
				LD_RUNPATH_SEARCH_PATHS = "$(inherited) @executable_path/Frameworks @loader_path/Frameworks";
				PRODUCT_NAME = "$(TARGET_NAME)";
				TEST_HOST = "$(BUILT_PRODUCTS_DIR)/GiuaKi2.app/GiuaKi2";
			};
			name = Release;
		};
/* End XCBuildConfiguration section */

/* Begin XCConfigurationList section */
		45EF0A781DF2770B007338D7 /* Build configuration list for PBXProject "GiuaKi2" */ = {
			isa = XCConfigurationList;
			buildConfigurations = (
				45EF0A9E1DF2770C007338D7 /* Debug */,
				45EF0A9F1DF2770C007338D7 /* Release */,
			);
			defaultConfigurationIsVisible = 0;
			defaultConfigurationName = Release;
		};
		45EF0AA01DF2770C007338D7 /* Build configuration list for PBXNativeTarget "GiuaKi2" */ = {
			isa = XCConfigurationList;
			buildConfigurations = (
				45EF0AA11DF2770C007338D7 /* Debug */,
				45EF0AA21DF2770C007338D7 /* Release */,
			);
			defaultConfigurationIsVisible = 0;
			defaultConfigurationName = Release;
		};
		45EF0AA31DF2770C007338D7 /* Build configuration list for PBXNativeTarget "GiuaKi2Tests" */ = {
			isa = XCConfigurationList;
			buildConfigurations = (
				45EF0AA41DF2770C007338D7 /* Debug */,
				45EF0AA51DF2770C007338D7 /* Release */,
			);
			defaultConfigurationIsVisible = 0;
			defaultConfigurationName = Release;
		};
/* End XCConfigurationList section */
	};
	rootObject = 45EF0A751DF2770B007338D7 /* Project object */;
}
